
Microsoft Visual Studio Solution File, Format Version 12.00
# Visual Studio Version 17
VisualStudioVersion = 17.14.37314.3 d17.14
MinimumVisualStudioVersion = 10.0.40219.1
Project("{FAE04EC0-301F-11D3-BF4B-00C04F79EFBC}") = "Latenite", "Latenite\Latenite.csproj", "{37D444D4-3AD3-4858-BC5D-1588F9FD71EB}"
EndProject
Project("{FAE04EC0-301F-11D3-BF4B-00C04F79EFBC}") = "TASM Error", "TASM Error\TASM Error.csproj", "{CA10604B-82F8-4E2A-9C5D-7AF6FFECAD31}"
EndProject
Project("{FAE04EC0-301F-11D3-BF4B-00C04F79EFBC}") = "8XP Linker", "8XP Linker\8XP Linker.csproj", "{F4A241BB-FB24-4875-A772-7A5801D1DCB3}"
EndProject
Project("{FAE04EC0-301F-11D3-BF4B-00C04F79EFBC}") = "XML Error Log", "XML Error Log\XML Error Log.csproj", "{AD5B6AB7-5955-45A4-A79B-8A4FA2938740}"
EndProject
Project("{FAE04EC0-301F-11D3-BF4B-00C04F79EFBC}") = "WLA Error", "WLA Error\WLA Error.csproj", "{F394B481-B404-47AC-934F-1884F8ED2E31}"
EndProject
Project("{FAE04EC0-301F-11D3-BF4B-00C04F79EFBC}") = "EarlyMorning Resource Plugin", "EarlyMorning Resource Plugin\EarlyMorning Resource Plugin.csproj", "{89A5A645-F21A-42E1-8818-F3BCEAFF814B}"
EndProject
Global
	GlobalSection(SolutionConfigurationPlatforms) = preSolution
		Debug|Any CPU = Debug|Any CPU
		Release|Any CPU = Release|Any CPU
	EndGlobalSection
	GlobalSection(ProjectConfigurationPlatforms) = postSolution
		{37D444D4-3AD3-4858-BC5D-1588F9FD71EB}.Debug|Any CPU.ActiveCfg = Debug|Any CPU
		{37D444D4-3AD3-4858-BC5D-1588F9FD71EB}.Debug|Any CPU.Build.0 = Debug|Any CPU
		{37D444D4-3AD3-4858-BC5D-1588F9FD71EB}.Release|Any CPU.ActiveCfg = Release|Any CPU
		{37D444D4-3AD3-4858-BC5D-1588F9FD71EB}.Release|Any CPU.Build.0 = Release|Any CPU
		{CA10604B-82F8-4E2A-9C5D-7AF6FFECAD31}.Debug|Any CPU.ActiveCfg = Debug|Any CPU
		{CA10604B-82F8-4E2A-9C5D-7AF6FFECAD31}.Debug|Any CPU.Build.0 = Debug|Any CPU
		{CA10604B-82F8-4E2A-9C5D-7AF6FFECAD31}.Release|Any CPU.ActiveCfg = Release|Any CPU
		{CA10604B-82F8-4E2A-9C5D-7AF6FFECAD31}.Release|Any CPU.Build.0 = Release|Any CPU
		{F4A241BB-FB24-4875-A772-7A5801D1DCB3}.Debug|Any CPU.ActiveCfg = Debug|Any CPU
		{F4A241BB-FB24-4875-A772-7A5801D1DCB3}.Debug|Any CPU.Build.0 = Debug|Any CPU
		{F4A241BB-FB24-4875-A772-7A5801D1DCB3}.Release|Any CPU.ActiveCfg = Release|Any CPU
		{F4A241BB-FB24-4875-A772-7A5801D1DCB3}.Release|Any CPU.Build.0 = Release|Any CPU
		{AD5B6AB7-5955-45A4-A79B-8A4FA2938740}.Debug|Any CPU.ActiveCfg = Debug|Any CPU
		{AD5B6AB7-5955-45A4-A79B-8A4FA2938740}.Debug|Any CPU.Build.0 = Debug|Any CPU
		{AD5B6AB7-5955-45A4-A79B-8A4FA2938740}.Release|Any CPU.ActiveCfg = Release|Any CPU
		{AD5B6AB7-5955-45A4-A79B-8A4FA2938740}.Release|Any CPU.Build.0 = Release|Any CPU
		{F394B481-B404-47AC-934F-1884F8ED2E31}.Debug|Any CPU.ActiveCfg = Debug|Any CPU
		{F394B481-B404-47AC-934F-1884F8ED2E31}.Debug|Any CPU.Build.0 = Debug|Any CPU
		{F394B481-B404-47AC-934F-1884F8ED2E31}.Release|Any CPU.ActiveCfg = Release|Any CPU
		{F394B481-B404-47AC-934F-1884F8ED2E31}.Release|Any CPU.Build.0 = Release|Any CPU
		{89A5A645-F21A-42E1-8818-F3BCEAFF814B}.Debug|Any CPU.ActiveCfg = Debug|Any CPU
		{89A5A645-F21A-42E1-8818-F3BCEAFF814B}.Debug|Any CPU.Build.0 = Debug|Any CPU
		{89A5A645-F21A-42E1-8818-F3BCEAFF814B}.Release|Any CPU.ActiveCfg = Release|Any CPU
		{89A5A645-F21A-42E1-8818-F3BCEAFF814B}.Release|Any CPU.Build.0 = Release|Any CPU
	EndGlobalSection
	GlobalSection(SolutionProperties) = preSolution
		HideSolutionNode = FALSE
	EndGlobalSection
	GlobalSection(ExtensibilityGlobals) = postSolution
		SolutionGuid = {6C125A7B-D694-4DF3-BD5C-FFADFFAFD59B}
	EndGlobalSection
EndGlobal
