
Microsoft Visual Studio Solution File, Format Version 12.00
# Visual Studio Version 17
VisualStudioVersion = 17.14.37314.3
MinimumVisualStudioVersion = 10.0.40219.1
Project("{FAE04EC0-301F-11D3-BF4B-00C04F79EFBC}") = "Latenite", "Latenite\Latenite.csproj", "{37D444D4-3AD3-4858-BC5D-1588F9FD71EB}"
	ProjectSection(ProjectDependencies) = postProject
		{89A5A645-F21A-42E1-8818-F3BCEAFF814B} = {89A5A645-F21A-42E1-8818-F3BCEAFF814B}
		{AD5B6AB7-5955-45A4-A79B-8A4FA2938740} = {AD5B6AB7-5955-45A4-A79B-8A4FA2938740}
		{B7675493-2CBB-42BC-81E8-82A7438B2DF7} = {B7675493-2CBB-42BC-81E8-82A7438B2DF7}
		{CA10604B-82F8-4E2A-9C5D-7AF6FFECAD31} = {CA10604B-82F8-4E2A-9C5D-7AF6FFECAD31}
		{EAC63ED4-621D-42D1-9043-28EA480A5B65} = {EAC63ED4-621D-42D1-9043-28EA480A5B65}
		{F394B481-B404-47AC-934F-1884F8ED2E31} = {F394B481-B404-47AC-934F-1884F8ED2E31}
		{F4A241BB-FB24-4875-A772-7A5801D1DCB3} = {F4A241BB-FB24-4875-A772-7A5801D1DCB3}
		{FB49A9F7-02EA-44C5-B25A-9689B1B40630} = {FB49A9F7-02EA-44C5-B25A-9689B1B40630}
	EndProjectSection
EndProject
Project("{FAE04EC0-301F-11D3-BF4B-00C04F79EFBC}") = "TASM Error", "TASM Error\TASM Error.csproj", "{CA10604B-82F8-4E2A-9C5D-7AF6FFECAD31}"
EndProject
Project("{FAE04EC0-301F-11D3-BF4B-00C04F79EFBC}") = "8XP Linker", "8XP Linker\8XP Linker.csproj", "{F4A241BB-FB24-4875-A772-7A5801D1DCB3}"
EndProject
Project("{FAE04EC0-301F-11D3-BF4B-00C04F79EFBC}") = "XML Error Log", "XML Error Log\XML Error Log.csproj", "{AD5B6AB7-5955-45A4-A79B-8A4FA2938740}"
EndProject
Project("{FAE04EC0-301F-11D3-BF4B-00C04F79EFBC}") = "WLA Error", "WLA Error\WLA Error.csproj", "{F394B481-B404-47AC-934F-1884F8ED2E31}"
EndProject
Project("{FAE04EC0-301F-11D3-BF4B-00C04F79EFBC}") = "EarlyMorning Resource Plugin", "EarlyMorning Resource Plugin\EarlyMorning Resource Plugin.csproj", "{89A5A645-F21A-42E1-8818-F3BCEAFF814B}"
EndProject
Project("{FAE04EC0-301F-11D3-BF4B-00C04F79EFBC}") = "PindurTI Debugger (Legacy)", "PindurTI Debugger (Legacy)\PindurTI Debugger (Legacy).csproj", "{B7675493-2CBB-42BC-81E8-82A7438B2DF7}"
EndProject
Project("{FAE04EC0-301F-11D3-BF4B-00C04F79EFBC}") = "Brass", "Brass\Brass\Brass.csproj", "{FB49A9F7-02EA-44C5-B25A-9689B1B40630}"
EndProject
Project("{FAE04EC0-301F-11D3-BF4B-00C04F79EFBC}") = "PindurTI Debugger", "PindurTI Debugger\PindurTI Debugger.csproj", "{EAC63ED4-621D-42D1-9043-28EA480A5B65}"
EndProject
Global
	GlobalSection(SolutionConfigurationPlatforms) = preSolution
		Debug|Any CPU = Debug|Any CPU
		Release|Any CPU = Release|Any CPU
	EndGlobalSection
	GlobalSection(ProjectConfigurationPlatforms) = postSolution
		{37D444D4-3AD3-4858-BC5D-1588F9FD71EB}.Debug|Any CPU.ActiveCfg = Debug|Any CPU
		{37D444D4-3AD3-4858-BC5D-1588F9FD71EB}.Debug|Any CPU.Build.0 = Debug|Any CPU
		{37D444D4-3AD3-4858-BC5D-1588F9FD71EB}.Release|Any CPU.ActiveCfg = Release|Any CPU
		{37D444D4-3AD3-4858-BC5D-1588F9FD71EB}.Release|Any CPU.Build.0 = Release|Any CPU
		{CA10604B-82F8-4E2A-9C5D-7AF6FFECAD31}.Debug|Any CPU.ActiveCfg = Debug|Any CPU
		{CA10604B-82F8-4E2A-9C5D-7AF6FFECAD31}.Debug|Any CPU.Build.0 = Debug|Any CPU
		{CA10604B-82F8-4E2A-9C5D-7AF6FFECAD31}.Release|Any CPU.ActiveCfg = Release|Any CPU
		{CA10604B-82F8-4E2A-9C5D-7AF6FFECAD31}.Release|Any CPU.Build.0 = Release|Any CPU
		{F4A241BB-FB24-4875-A772-7A5801D1DCB3}.Debug|Any CPU.ActiveCfg = Debug|Any CPU
		{F4A241BB-FB24-4875-A772-7A5801D1DCB3}.Debug|Any CPU.Build.0 = Debug|Any CPU
		{F4A241BB-FB24-4875-A772-7A5801D1DCB3}.Release|Any CPU.ActiveCfg = Release|Any CPU
		{F4A241BB-FB24-4875-A772-7A5801D1DCB3}.Release|Any CPU.Build.0 = Release|Any CPU
		{AD5B6AB7-5955-45A4-A79B-8A4FA2938740}.Debug|Any CPU.ActiveCfg = Debug|Any CPU
		{AD5B6AB7-5955-45A4-A79B-8A4FA2938740}.Debug|Any CPU.Build.0 = Debug|Any CPU
		{AD5B6AB7-5955-45A4-A79B-8A4FA2938740}.Release|Any CPU.ActiveCfg = Release|Any CPU
		{AD5B6AB7-5955-45A4-A79B-8A4FA2938740}.Release|Any CPU.Build.0 = Release|Any CPU
		{F394B481-B404-47AC-934F-1884F8ED2E31}.Debug|Any CPU.ActiveCfg = Debug|Any CPU
		{F394B481-B404-47AC-934F-1884F8ED2E31}.Debug|Any CPU.Build.0 = Debug|Any CPU
		{F394B481-B404-47AC-934F-1884F8ED2E31}.Release|Any CPU.ActiveCfg = Release|Any CPU
		{F394B481-B404-47AC-934F-1884F8ED2E31}.Release|Any CPU.Build.0 = Release|Any CPU
		{89A5A645-F21A-42E1-8818-F3BCEAFF814B}.Debug|Any CPU.ActiveCfg = Debug|Any CPU
		{89A5A645-F21A-42E1-8818-F3BCEAFF814B}.Debug|Any CPU.Build.0 = Debug|Any CPU
		{89A5A645-F21A-42E1-8818-F3BCEAFF814B}.Release|Any CPU.ActiveCfg = Release|Any CPU
		{89A5A645-F21A-42E1-8818-F3BCEAFF814B}.Release|Any CPU.Build.0 = Release|Any CPU
		{B7675493-2CBB-42BC-81E8-82A7438B2DF7}.Debug|Any CPU.ActiveCfg = Debug|Any CPU
		{B7675493-2CBB-42BC-81E8-82A7438B2DF7}.Debug|Any CPU.Build.0 = Debug|Any CPU
		{B7675493-2CBB-42BC-81E8-82A7438B2DF7}.Release|Any CPU.ActiveCfg = Release|Any CPU
		{B7675493-2CBB-42BC-81E8-82A7438B2DF7}.Release|Any CPU.Build.0 = Release|Any CPU
		{FB49A9F7-02EA-44C5-B25A-9689B1B40630}.Debug|Any CPU.ActiveCfg = Debug|Any CPU
		{FB49A9F7-02EA-44C5-B25A-9689B1B40630}.Debug|Any CPU.Build.0 = Debug|Any CPU
		{FB49A9F7-02EA-44C5-B25A-9689B1B40630}.Release|Any CPU.ActiveCfg = Release|Any CPU
		{FB49A9F7-02EA-44C5-B25A-9689B1B40630}.Release|Any CPU.Build.0 = Release|Any CPU
		{EAC63ED4-621D-42D1-9043-28EA480A5B65}.Debug|Any CPU.ActiveCfg = Debug|Any CPU
		{EAC63ED4-621D-42D1-9043-28EA480A5B65}.Debug|Any CPU.Build.0 = Debug|Any CPU
		{EAC63ED4-621D-42D1-9043-28EA480A5B65}.Release|Any CPU.ActiveCfg = Release|Any CPU
		{EAC63ED4-621D-42D1-9043-28EA480A5B65}.Release|Any CPU.Build.0 = Release|Any CPU
	EndGlobalSection
	GlobalSection(SolutionProperties) = preSolution
		HideSolutionNode = FALSE
	EndGlobalSection
	GlobalSection(ExtensibilityGlobals) = postSolution
		SolutionGuid = {6C125A7B-D694-4DF3-BD5C-FFADFFAFD59B}
	EndGlobalSection
EndGlobal
